
Microsoft Visual Studio Solution File, Format Version 12.00
# Visual Studio 15
VisualStudioVersion = 15.0.26730.16
MinimumVisualStudioVersion = 10.0.40219.1
Project("{FAE04EC0-301F-11D3-BF4B-00C04F79EFBC}") = "PureOtp", "PureOtp\PureOtp.csproj", "{103AC2E8-BAFF-41DB-9D48-744BC35F6824}"
EndProject
Project("{FAE04EC0-301F-11D3-BF4B-00C04F79EFBC}") = "PureOtpTest", "PureOtpTest\PureOtpTest.csproj", "{4F18B4A0-7253-433A-9341-D6EB0F485C80}"
EndProject
Global
	GlobalSection(SolutionConfigurationPlatforms) = preSolution
		Debug|Any CPU = Debug|Any CPU
		Release|Any CPU = Release|Any CPU
	EndGlobalSection
	GlobalSection(ProjectConfigurationPlatforms) = postSolution
		{103AC2E8-BAFF-41DB-9D48-744BC35F6824}.Debug|Any CPU.ActiveCfg = Debug|Any CPU
		{103AC2E8-BAFF-41DB-9D48-744BC35F6824}.Debug|Any CPU.Build.0 = Debug|Any CPU
		{103AC2E8-BAFF-41DB-9D48-744BC35F6824}.Release|Any CPU.ActiveCfg = Release|Any CPU
		{103AC2E8-BAFF-41DB-9D48-744BC35F6824}.Release|Any CPU.Build.0 = Release|Any CPU
		{4F18B4A0-7253-433A-9341-D6EB0F485C80}.Debug|Any CPU.ActiveCfg = Debug|Any CPU
		{4F18B4A0-7253-433A-9341-D6EB0F485C80}.Debug|Any CPU.Build.0 = Debug|Any CPU
		{4F18B4A0-7253-433A-9341-D6EB0F485C80}.Release|Any CPU.ActiveCfg = Release|Any CPU
		{4F18B4A0-7253-433A-9341-D6EB0F485C80}.Release|Any CPU.Build.0 = Release|Any CPU
	EndGlobalSection
	GlobalSection(SolutionProperties) = preSolution
		HideSolutionNode = FALSE
	EndGlobalSection
	GlobalSection(ExtensibilityGlobals) = postSolution
		SolutionGuid = {55C05345-0C52-4FCB-934D-E513B1592937}
	EndGlobalSection
EndGlobal
